
Microsoft Visual Studio Solution File, Format Version 12.00
# Visual Studio Version 16
VisualStudioVersion = 25.0.1705.0
MinimumVisualStudioVersion = 10.0.40219.1
Project("{FAE04EC0-301F-11D3-BF4B-00C04F79EFBC}") = "BICE.API", "BICE-API\BICE.API.csproj", "{03868E16-2731-4A14-BDE0-CB52DEFF15DC}"
EndProject
Project("{FAE04EC0-301F-11D3-BF4B-00C04F79EFBC}") = "BICE.BLL", "BICE.BLL\BICE.BLL.csproj", "{B93365B5-EF95-45AA-837D-F8A4823150D0}"
EndProject
Project("{FAE04EC0-301F-11D3-BF4B-00C04F79EFBC}") = "BICE.DAL", "BICE.DAL\BICE.DAL.csproj", "{C4058D53-C812-4477-9926-8D5F0DB4A3E5}"
EndProject
Project("{FAE04EC0-301F-11D3-BF4B-00C04F79EFBC}") = "BICE.DTO", "BICE.DTO\BICE.DTO.csproj", "{5D392A30-996B-4691-904E-4590CD6A579E}"
EndProject
Project("{FAE04EC0-301F-11D3-BF4B-00C04F79EFBC}") = "BICE.SRV", "BICE.SRV\BICE.SRV.csproj", "{60193904-9564-4B74-A47B-E7B2B82D04C5}"
EndProject
Project("{2150E333-8FDC-42A3-9474-1A3956D46DE8}") = "TEST", "TEST", "{D4A5997A-92D2-4548-8892-4ED14379D87E}"
EndProject
Project("{FAE04EC0-301F-11D3-BF4B-00C04F79EFBC}") = "BICE.API.Tests", "BICE.API.Tests\BICE.API.Tests.csproj", "{CF84781B-B8C0-4F55-B27D-EF348B2FAD27}"
EndProject
Project("{FAE04EC0-301F-11D3-BF4B-00C04F79EFBC}") = "BICE.BLL.Tests", "BICE.BLL.Tests\BICE.BLL.Tests.csproj", "{88E58940-203E-4936-BDAA-B5036EBF6A68}"
EndProject
Project("{FAE04EC0-301F-11D3-BF4B-00C04F79EFBC}") = "BICE.DAL.Tests", "BICE.DAL.Tests\BICE.DAL.Tests.csproj", "{0370B7B2-7F80-4B10-8AD2-ED68F8EDF7A8}"
EndProject
Project("{FAE04EC0-301F-11D3-BF4B-00C04F79EFBC}") = "BICE.DTO.Tests", "BICE.DTO.Tests\BICE.DTO.Tests.csproj", "{50F87F60-2DC7-4E02-A646-D2E7E070A4DF}"
EndProject
Project("{FAE04EC0-301F-11D3-BF4B-00C04F79EFBC}") = "BICE.SRV.Tests", "BICE.SRV.Tests\BICE.SRV.Tests.csproj", "{38675F76-B284-4D7B-A049-EFF5D88E2925}"
EndProject
Global
	GlobalSection(SolutionConfigurationPlatforms) = preSolution
		Debug|Any CPU = Debug|Any CPU
		Release|Any CPU = Release|Any CPU
	EndGlobalSection
	GlobalSection(ProjectConfigurationPlatforms) = postSolution
		{03868E16-2731-4A14-BDE0-CB52DEFF15DC}.Debug|Any CPU.ActiveCfg = Debug|Any CPU
		{03868E16-2731-4A14-BDE0-CB52DEFF15DC}.Debug|Any CPU.Build.0 = Debug|Any CPU
		{03868E16-2731-4A14-BDE0-CB52DEFF15DC}.Release|Any CPU.ActiveCfg = Release|Any CPU
		{03868E16-2731-4A14-BDE0-CB52DEFF15DC}.Release|Any CPU.Build.0 = Release|Any CPU
		{B93365B5-EF95-45AA-837D-F8A4823150D0}.Debug|Any CPU.ActiveCfg = Debug|Any CPU
		{B93365B5-EF95-45AA-837D-F8A4823150D0}.Debug|Any CPU.Build.0 = Debug|Any CPU
		{B93365B5-EF95-45AA-837D-F8A4823150D0}.Release|Any CPU.ActiveCfg = Release|Any CPU
		{B93365B5-EF95-45AA-837D-F8A4823150D0}.Release|Any CPU.Build.0 = Release|Any CPU
		{C4058D53-C812-4477-9926-8D5F0DB4A3E5}.Debug|Any CPU.ActiveCfg = Debug|Any CPU
		{C4058D53-C812-4477-9926-8D5F0DB4A3E5}.Debug|Any CPU.Build.0 = Debug|Any CPU
		{C4058D53-C812-4477-9926-8D5F0DB4A3E5}.Release|Any CPU.ActiveCfg = Release|Any CPU
		{C4058D53-C812-4477-9926-8D5F0DB4A3E5}.Release|Any CPU.Build.0 = Release|Any CPU
		{5D392A30-996B-4691-904E-4590CD6A579E}.Debug|Any CPU.ActiveCfg = Debug|Any CPU
		{5D392A30-996B-4691-904E-4590CD6A579E}.Debug|Any CPU.Build.0 = Debug|Any CPU
		{5D392A30-996B-4691-904E-4590CD6A579E}.Release|Any CPU.ActiveCfg = Release|Any CPU
		{5D392A30-996B-4691-904E-4590CD6A579E}.Release|Any CPU.Build.0 = Release|Any CPU
		{60193904-9564-4B74-A47B-E7B2B82D04C5}.Debug|Any CPU.ActiveCfg = Debug|Any CPU
		{60193904-9564-4B74-A47B-E7B2B82D04C5}.Debug|Any CPU.Build.0 = Debug|Any CPU
		{60193904-9564-4B74-A47B-E7B2B82D04C5}.Release|Any CPU.ActiveCfg = Release|Any CPU
		{60193904-9564-4B74-A47B-E7B2B82D04C5}.Release|Any CPU.Build.0 = Release|Any CPU
		{CF84781B-B8C0-4F55-B27D-EF348B2FAD27}.Debug|Any CPU.ActiveCfg = Debug|Any CPU
		{CF84781B-B8C0-4F55-B27D-EF348B2FAD27}.Debug|Any CPU.Build.0 = Debug|Any CPU
		{CF84781B-B8C0-4F55-B27D-EF348B2FAD27}.Release|Any CPU.ActiveCfg = Release|Any CPU
		{CF84781B-B8C0-4F55-B27D-EF348B2FAD27}.Release|Any CPU.Build.0 = Release|Any CPU
		{88E58940-203E-4936-BDAA-B5036EBF6A68}.Debug|Any CPU.ActiveCfg = Debug|Any CPU
		{88E58940-203E-4936-BDAA-B5036EBF6A68}.Debug|Any CPU.Build.0 = Debug|Any CPU
		{88E58940-203E-4936-BDAA-B5036EBF6A68}.Release|Any CPU.ActiveCfg = Release|Any CPU
		{88E58940-203E-4936-BDAA-B5036EBF6A68}.Release|Any CPU.Build.0 = Release|Any CPU
		{0370B7B2-7F80-4B10-8AD2-ED68F8EDF7A8}.Debug|Any CPU.ActiveCfg = Debug|Any CPU
		{0370B7B2-7F80-4B10-8AD2-ED68F8EDF7A8}.Debug|Any CPU.Build.0 = Debug|Any CPU
		{0370B7B2-7F80-4B10-8AD2-ED68F8EDF7A8}.Release|Any CPU.ActiveCfg = Release|Any CPU
		{0370B7B2-7F80-4B10-8AD2-ED68F8EDF7A8}.Release|Any CPU.Build.0 = Release|Any CPU
		{50F87F60-2DC7-4E02-A646-D2E7E070A4DF}.Debug|Any CPU.ActiveCfg = Debug|Any CPU
		{50F87F60-2DC7-4E02-A646-D2E7E070A4DF}.Debug|Any CPU.Build.0 = Debug|Any CPU
		{50F87F60-2DC7-4E02-A646-D2E7E070A4DF}.Release|Any CPU.ActiveCfg = Release|Any CPU
		{50F87F60-2DC7-4E02-A646-D2E7E070A4DF}.Release|Any CPU.Build.0 = Release|Any CPU
		{38675F76-B284-4D7B-A049-EFF5D88E2925}.Debug|Any CPU.ActiveCfg = Debug|Any CPU
		{38675F76-B284-4D7B-A049-EFF5D88E2925}.Debug|Any CPU.Build.0 = Debug|Any CPU
		{38675F76-B284-4D7B-A049-EFF5D88E2925}.Release|Any CPU.ActiveCfg = Release|Any CPU
		{38675F76-B284-4D7B-A049-EFF5D88E2925}.Release|Any CPU.Build.0 = Release|Any CPU
	EndGlobalSection
	GlobalSection(SolutionProperties) = preSolution
		HideSolutionNode = FALSE
	EndGlobalSection
	GlobalSection(ExtensibilityGlobals) = postSolution
		SolutionGuid = {26EF05C6-1A16-4B08-9964-698EF70D8932}
	EndGlobalSection
	GlobalSection(NestedProjects) = preSolution
		{CF84781B-B8C0-4F55-B27D-EF348B2FAD27} = {D4A5997A-92D2-4548-8892-4ED14379D87E}
		{88E58940-203E-4936-BDAA-B5036EBF6A68} = {D4A5997A-92D2-4548-8892-4ED14379D87E}
		{0370B7B2-7F80-4B10-8AD2-ED68F8EDF7A8} = {D4A5997A-92D2-4548-8892-4ED14379D87E}
		{50F87F60-2DC7-4E02-A646-D2E7E070A4DF} = {D4A5997A-92D2-4548-8892-4ED14379D87E}
		{38675F76-B284-4D7B-A049-EFF5D88E2925} = {D4A5997A-92D2-4548-8892-4ED14379D87E}
	EndGlobalSection
EndGlobal
